
Microsoft Visual Studio Solution File, Format Version 12.00
Project("{FAE04EC0-301F-11D3-BF4B-00C04F79EFBC}") = "MeuTwitter.Infra", "src\MeuTwitter.Infra\MeuTwitter.Infra.csproj", "{07BAF7D9-64FA-45EC-994B-DBEBA7A94DFC}"
EndProject
Project("{FAE04EC0-301F-11D3-BF4B-00C04F79EFBC}") = "MeuTwitter.Infra.Test", "src\MeuTwitter.Infra.Test\MeuTwitter.Infra.Test.csproj", "{C9B4D704-C955-402B-BC6A-878D712539C1}"
EndProject
Project("{2150E333-8FDC-42A3-9474-1A3956D46DE8}") = "1 - Distribuited Layer", "1 - Distribuited Layer", "{F903BC59-4B2C-4A34-B84D-E47416B09DFB}"
EndProject
Project("{2150E333-8FDC-42A3-9474-1A3956D46DE8}") = "2 - Application Layer", "2 - Application Layer", "{5C45F42F-F8BA-46AD-8F33-B29CAC095C78}"
EndProject
Project("{2150E333-8FDC-42A3-9474-1A3956D46DE8}") = "3 - Domain Layer", "3 - Domain Layer", "{E0C85B1E-A4F4-434E-9CA7-7F92CABA4D3A}"
EndProject
Project("{2150E333-8FDC-42A3-9474-1A3956D46DE8}") = "4 - Infra Layer", "4 - Infra Layer", "{B8B136B2-D7FE-4255-9CA7-25D5BA23D6E6}"
EndProject
Project("{2150E333-8FDC-42A3-9474-1A3956D46DE8}") = "Tests", "Tests", "{190AB0D5-2222-4B79-89DC-3B0AF1E29796}"
EndProject
Project("{FAE04EC0-301F-11D3-BF4B-00C04F79EFBC}") = "MeuTwitter.Domain", "src\MeuTwitter.Domain\MeuTwitter.Domain.csproj", "{B5240F18-71A6-4CD8-87C9-DB0EF0FA2783}"
EndProject
Project("{FAE04EC0-301F-11D3-BF4B-00C04F79EFBC}") = "MeuTwitter.Domain.Test", "MeuTwitter.Domain.Test\MeuTwitter.Domain.Test.csproj", "{67E32A93-CE1F-4C4D-915A-8E6C5EC99781}"
EndProject
Global
	GlobalSection(SolutionConfigurationPlatforms) = preSolution
		Debug|Any CPU = Debug|Any CPU
		Release|Any CPU = Release|Any CPU
	EndGlobalSection
	GlobalSection(ProjectConfigurationPlatforms) = postSolution
		{07BAF7D9-64FA-45EC-994B-DBEBA7A94DFC}.Debug|Any CPU.ActiveCfg = Debug|Any CPU
		{07BAF7D9-64FA-45EC-994B-DBEBA7A94DFC}.Debug|Any CPU.Build.0 = Debug|Any CPU
		{07BAF7D9-64FA-45EC-994B-DBEBA7A94DFC}.Release|Any CPU.ActiveCfg = Release|Any CPU
		{07BAF7D9-64FA-45EC-994B-DBEBA7A94DFC}.Release|Any CPU.Build.0 = Release|Any CPU
		{C9B4D704-C955-402B-BC6A-878D712539C1}.Debug|Any CPU.ActiveCfg = Debug|Any CPU
		{C9B4D704-C955-402B-BC6A-878D712539C1}.Debug|Any CPU.Build.0 = Debug|Any CPU
		{C9B4D704-C955-402B-BC6A-878D712539C1}.Release|Any CPU.ActiveCfg = Release|Any CPU
		{C9B4D704-C955-402B-BC6A-878D712539C1}.Release|Any CPU.Build.0 = Release|Any CPU
		{B5240F18-71A6-4CD8-87C9-DB0EF0FA2783}.Debug|Any CPU.ActiveCfg = Debug|Any CPU
		{B5240F18-71A6-4CD8-87C9-DB0EF0FA2783}.Debug|Any CPU.Build.0 = Debug|Any CPU
		{B5240F18-71A6-4CD8-87C9-DB0EF0FA2783}.Release|Any CPU.ActiveCfg = Release|Any CPU
		{B5240F18-71A6-4CD8-87C9-DB0EF0FA2783}.Release|Any CPU.Build.0 = Release|Any CPU
		{67E32A93-CE1F-4C4D-915A-8E6C5EC99781}.Debug|Any CPU.ActiveCfg = Debug|Any CPU
		{67E32A93-CE1F-4C4D-915A-8E6C5EC99781}.Debug|Any CPU.Build.0 = Debug|Any CPU
		{67E32A93-CE1F-4C4D-915A-8E6C5EC99781}.Release|Any CPU.ActiveCfg = Release|Any CPU
		{67E32A93-CE1F-4C4D-915A-8E6C5EC99781}.Release|Any CPU.Build.0 = Release|Any CPU
	EndGlobalSection
	GlobalSection(NestedProjects) = preSolution
		{C9B4D704-C955-402B-BC6A-878D712539C1} = {190AB0D5-2222-4B79-89DC-3B0AF1E29796}
		{07BAF7D9-64FA-45EC-994B-DBEBA7A94DFC} = {B8B136B2-D7FE-4255-9CA7-25D5BA23D6E6}
		{B5240F18-71A6-4CD8-87C9-DB0EF0FA2783} = {E0C85B1E-A4F4-434E-9CA7-7F92CABA4D3A}
		{67E32A93-CE1F-4C4D-915A-8E6C5EC99781} = {190AB0D5-2222-4B79-89DC-3B0AF1E29796}
	EndGlobalSection
EndGlobal
